PODS:
  - device_info (0.0.1):
    - Flutter
  - Flutter (1.0.0)
  - flutter_money_formatter (0.0.1):
    - Flutter
  - flutter_string_encryption (0.0.1):
    - Flutter
    - SCrypto (~> 2.0)
  - fluttertoast (0.0.2):
    - Flutter
  - FMDB (2.7.5):
    - FMDB/standard (= 2.7.5)
  - FMDB/standard (2.7.5)
  - SCrypto (2.0.0)
  - shared_preferences (0.0.1):
    - Flutter
  - sqflite (0.0.2):
    - Flutter
    - FMDB (>= 2.7.5)

DEPENDENCIES:
  - device_info (from `.symlinks/plugins/device_info/ios`)
  - Flutter (from `Flutter`)
  - flutter_money_formatter (from `.symlinks/plugins/flutter_money_formatter/ios`)
  - flutter_string_encryption (from `.symlinks/plugins/flutter_string_encryption/ios`)
  - fluttertoast (from `.symlinks/plugins/fluttertoast/ios`)
  - shared_preferences (from `.symlinks/plugins/shared_preferences/ios`)
  - sqflite (from `.symlinks/plugins/sqflite/ios`)

SPEC REPOS:
  trunk:
    - FMDB
    - SCrypto

EXTERNAL SOURCES:
  device_info:
    :path: ".symlinks/plugins/device_info/ios"
  Flutter:
    :path: Flutter
  flutter_money_formatter:
    :path: ".symlinks/plugins/flutter_money_formatter/ios"
  flutter_string_encryption:
    :path: ".symlinks/plugins/flutter_string_encryption/ios"
  fluttertoast:
    :path: ".symlinks/plugins/fluttertoast/ios"
  shared_preferences:
    :path: ".symlinks/plugins/shared_preferences/ios"
  sqflite:
    :path: ".symlinks/plugins/sqflite/ios"

SPEC CHECKSUMS:
  device_info: d7d233b645a32c40dfdc212de5cf646ca482f175
  Flutter: 0e3d915762c693b495b44d77113d4970485de6ec
  flutter_money_formatter: d0d18ddc5be333fad8d09964d741b59fa11a91dc
  flutter_string_encryption: e382d87149c0d6b947204315e6c601a9c4792655
  fluttertoast: b644586ef3b16f67fae9a1f8754cef6b2d6b634b
  FMDB: 2ce00b547f966261cd18927a3ddb07cb6f3db82a
  SCrypto: 8287dcf6151df38f9bc0efad2ed982c54a96d1b8
  shared_preferences: af6bfa751691cdc24be3045c43ec037377ada40d
  sqflite: 6d358c025f5b867b29ed92fc697fd34924e11904

PODFILE CHECKSUM: aafe91acc616949ddb318b77800a7f51bffa2a4c

COCOAPODS: 1.9.3
